// !$*UTF8*$!
{
	archiveVersion = 1;
	classes = {
	};
	objectVersion = 56;
	objects = {

/* Begin PBXBuildFile section */
		B1661C9D29DA47A60025D5C5 /* URLSession+Extension.swift in Sources */ = {isa = PBXBuildFile; fileRef = B1661C9C29DA47A60025D5C5 /* URLSession+Extension.swift */; };
		B1661CA129DA4E5C0025D5C5 /* ChatMessage.swift in Sources */ = {isa = PBXBuildFile; fileRef = B1661CA029DA4E5C0025D5C5 /* ChatMessage.swift */; };
		B1661CA429DB94930025D5C5 /* Introspect in Frameworks */ = {isa = PBXBuildFile; productRef = B1661CA329DB94930025D5C5 /* Introspect */; };
		B1661CA829DB97610025D5C5 /* SettingsView.swift in Sources */ = {isa = PBXBuildFile; fileRef = B1661CA729DB97610025D5C5 /* SettingsView.swift */; };
		B1661CAD29DF67E10025D5C5 /* ChatPresenter.swift in Sources */ = {isa = PBXBuildFile; fileRef = B1661CAC29DF67E10025D5C5 /* ChatPresenter.swift */; };
		B1661CCF29E0C8AD0025D5C5 /* ChatAPI.swift in Sources */ = {isa = PBXBuildFile; fileRef = B1661CCE29E0C8AD0025D5C5 /* ChatAPI.swift */; };
		B1661CD129E0CB8C0025D5C5 /* ChatStore.swift in Sources */ = {isa = PBXBuildFile; fileRef = B1661CD029E0CB8C0025D5C5 /* ChatStore.swift */; };
		B1661CD329E0DD890025D5C5 /* ContentView.swift in Sources */ = {isa = PBXBuildFile; fileRef = B1661CD229E0DD890025D5C5 /* ContentView.swift */; };
		B1661CD629E0DEB60025D5C5 /* ContentPresenter.swift in Sources */ = {isa = PBXBuildFile; fileRef = B1661CD529E0DEB60025D5C5 /* ContentPresenter.swift */; };
		B1D0B97929D8E3920073AA9D /* AISenseiApp.swift in Sources */ = {isa = PBXBuildFile; fileRef = B1D0B97829D8E3920073AA9D /* AISenseiApp.swift */; };
		B1D0B97B29D8E3920073AA9D /* ChatView.swift in Sources */ = {isa = PBXBuildFile; fileRef = B1D0B97A29D8E3920073AA9D /* ChatView.swift */; };
		B1D0B97D29D8E3930073AA9D /* Assets.xcassets in Resources */ = {isa = PBXBuildFile; fileRef = B1D0B97C29D8E3930073AA9D /* Assets.xcassets */; };
		B1D0B98029D8E3930073AA9D /* Preview Assets.xcassets in Resources */ = {isa = PBXBuildFile; fileRef = B1D0B97F29D8E3930073AA9D /* Preview Assets.xcassets */; };
		B1D0B98829D8EE290073AA9D /* MarkdownUI in Frameworks */ = {isa = PBXBuildFile; productRef = B1D0B98729D8EE290073AA9D /* MarkdownUI */; };
		B1D0B98A29D9004E0073AA9D /* ChatService.swift in Sources */ = {isa = PBXBuildFile; fileRef = B1D0B98929D9004E0073AA9D /* ChatService.swift */; };
/* End PBXBuildFile section */

/* Begin PBXFileReference section */
		B1661C9C29DA47A60025D5C5 /* URLSession+Extension.swift */ = {isa = PBXFileReference; lastKnownFileType = sourcecode.swift; path = "URLSession+Extension.swift"; sourceTree = "<group>"; };
		B1661CA029DA4E5C0025D5C5 /* ChatMessage.swift */ = {isa = PBXFileReference; lastKnownFileType = sourcecode.swift; path = ChatMessage.swift; sourceTree = "<group>"; };
		B1661CA729DB97610025D5C5 /* SettingsView.swift */ = {isa = PBXFileReference; lastKnownFileType = sourcecode.swift; path = SettingsView.swift; sourceTree = "<group>"; };
		B1661CAC29DF67E10025D5C5 /* ChatPresenter.swift */ = {isa = PBXFileReference; lastKnownFileType = sourcecode.swift; path = ChatPresenter.swift; sourceTree = "<group>"; };
		B1661CCE29E0C8AD0025D5C5 /* ChatAPI.swift */ = {isa = PBXFileReference; lastKnownFileType = sourcecode.swift; path = ChatAPI.swift; sourceTree = "<group>"; };
		B1661CD029E0CB8C0025D5C5 /* ChatStore.swift */ = {isa = PBXFileReference; lastKnownFileType = sourcecode.swift; path = ChatStore.swift; sourceTree = "<group>"; };
		B1661CD229E0DD890025D5C5 /* ContentView.swift */ = {isa = PBXFileReference; lastKnownFileType = sourcecode.swift; path = ContentView.swift; sourceTree = "<group>"; };
		B1661CD529E0DEB60025D5C5 /* ContentPresenter.swift */ = {isa = PBXFileReference; lastKnownFileType = sourcecode.swift; path = ContentPresenter.swift; sourceTree = "<group>"; };
		B1D0B97529D8E3920073AA9D /* AISensei.app */ = {isa = PBXFileReference; explicitFileType = wrapper.application; includeInIndex = 0; path = AISensei.app; sourceTree = BUILT_PRODUCTS_DIR; };
		B1D0B97829D8E3920073AA9D /* AISenseiApp.swift */ = {isa = PBXFileReference; lastKnownFileType = sourcecode.swift; path = AISenseiApp.swift; sourceTree = "<group>"; };
		B1D0B97A29D8E3920073AA9D /* ChatView.swift */ = {isa = PBXFileReference; lastKnownFileType = sourcecode.swift; path = ChatView.swift; sourceTree = "<group>"; };
		B1D0B97C29D8E3930073AA9D /* Assets.xcassets */ = {isa = PBXFileReference; lastKnownFileType = folder.assetcatalog; path = Assets.xcassets; sourceTree = "<group>"; };
		B1D0B97F29D8E3930073AA9D /* Preview Assets.xcassets */ = {isa = PBXFileReference; lastKnownFileType = folder.assetcatalog; path = "Preview Assets.xcassets"; sourceTree = "<group>"; };
		B1D0B98929D9004E0073AA9D /* ChatService.swift */ = {isa = PBXFileReference; lastKnownFileType = sourcecode.swift; path = ChatService.swift; sourceTree = "<group>"; };
		CBCB087329E02A2E00CA9170 /* AISenseiRelease.entitlements */ = {isa = PBXFileReference; lastKnownFileType = text.plist.entitlements; path = AISenseiRelease.entitlements; sourceTree = "<group>"; };
/* End PBXFileReference section */

/* Begin PBXFrameworksBuildPhase section */
		B1D0B97229D8E3920073AA9D /* Frameworks */ = {
			isa = PBXFrameworksBuildPhase;
			buildActionMask = 2147483647;
			files = (
				B1D0B98829D8EE290073AA9D /* MarkdownUI in Frameworks */,
				B1661CA429DB94930025D5C5 /* Introspect in Frameworks */,
			);
			runOnlyForDeploymentPostprocessing = 0;
		};
/* End PBXFrameworksBuildPhase section */

/* Begin PBXGroup section */
		B1661C9E29DA4DE20025D5C5 /* Domain */ = {
			isa = PBXGroup;
			children = (
				B1D0B98929D9004E0073AA9D /* ChatService.swift */,
				B1661C9F29DA4DEB0025D5C5 /* Models */,
			);
			path = Domain;
			sourceTree = "<group>";
		};
		B1661C9F29DA4DEB0025D5C5 /* Models */ = {
			isa = PBXGroup;
			children = (
				B1661CA029DA4E5C0025D5C5 /* ChatMessage.swift */,
			);
			path = Models;
			sourceTree = "<group>";
		};
		B1661CA529DB97370025D5C5 /* Presentation */ = {
			isa = PBXGroup;
			children = (
				B1661CD429E0DEA20025D5C5 /* Main */,
				B1661CA929DF672B0025D5C5 /* Chat */,
				B1661CA629DB973E0025D5C5 /* Settings */,
			);
			path = Presentation;
			sourceTree = "<group>";
		};
		B1661CA629DB973E0025D5C5 /* Settings */ = {
			isa = PBXGroup;
			children = (
				B1661CA729DB97610025D5C5 /* SettingsView.swift */,
			);
			path = Settings;
			sourceTree = "<group>";
		};
		B1661CA929DF672B0025D5C5 /* Chat */ = {
			isa = PBXGroup;
			children = (
				B1D0B97A29D8E3920073AA9D /* ChatView.swift */,
				B1661CAC29DF67E10025D5C5 /* ChatPresenter.swift */,
			);
			path = Chat;
			sourceTree = "<group>";
		};
		B1661CCD29E0C87A0025D5C5 /* Store */ = {
			isa = PBXGroup;
			children = (
				B1661CCE29E0C8AD0025D5C5 /* ChatAPI.swift */,
				B1661CD029E0CB8C0025D5C5 /* ChatStore.swift */,
			);
			path = Store;
			sourceTree = "<group>";
		};
		B1661CD429E0DEA20025D5C5 /* Main */ = {
			isa = PBXGroup;
			children = (
				B1661CD229E0DD890025D5C5 /* ContentView.swift */,
				B1661CD529E0DEB60025D5C5 /* ContentPresenter.swift */,
			);
			path = Main;
			sourceTree = "<group>";
		};
		B1D0B96C29D8E3920073AA9D = {
			isa = PBXGroup;
			children = (
				B1D0B97729D8E3920073AA9D /* AISensei */,
				B1D0B97629D8E3920073AA9D /* Products */,
			);
			sourceTree = "<group>";
		};
		B1D0B97629D8E3920073AA9D /* Products */ = {
			isa = PBXGroup;
			children = (
				B1D0B97529D8E3920073AA9D /* AISensei.app */,
			);
			name = Products;
			sourceTree = "<group>";
		};
		B1D0B97729D8E3920073AA9D /* AISensei */ = {
			isa = PBXGroup;
			children = (
				CBCB087329E02A2E00CA9170 /* AISenseiRelease.entitlements */,
				B1661CA529DB97370025D5C5 /* Presentation */,
				B1661C9E29DA4DE20025D5C5 /* Domain */,
				B1661CCD29E0C87A0025D5C5 /* Store */,
				B1D0B97829D8E3920073AA9D /* AISenseiApp.swift */,
				B1D0B97C29D8E3930073AA9D /* Assets.xcassets */,
				B1D0B97E29D8E3930073AA9D /* Preview Content */,
				B1661C9C29DA47A60025D5C5 /* URLSession+Extension.swift */,
			);
			path = AISensei;
			sourceTree = "<group>";
		};
		B1D0B97E29D8E3930073AA9D /* Preview Content */ = {
			isa = PBXGroup;
			children = (
				B1D0B97F29D8E3930073AA9D /* Preview Assets.xcassets */,
			);
			path = "Preview Content";
			sourceTree = "<group>";
		};
/* End PBXGroup section */

/* Begin PBXNativeTarget section */
		B1D0B97429D8E3920073AA9D /* AISensei */ = {
			isa = PBXNativeTarget;
			buildConfigurationList = B1D0B98329D8E3930073AA9D /* Build configuration list for PBXNativeTarget "AISensei" */;
			buildPhases = (
				B1D0B97129D8E3920073AA9D /* Sources */,
				B1D0B97229D8E3920073AA9D /* Frameworks */,
				B1D0B97329D8E3920073AA9D /* Resources */,
			);
			buildRules = (
			);
			dependencies = (
			);
			name = AISensei;
			packageProductDependencies = (
				B1D0B98729D8EE290073AA9D /* MarkdownUI */,
				B1661CA329DB94930025D5C5 /* Introspect */,
			);
			productName = AISensei;
			productReference = B1D0B97529D8E3920073AA9D /* AISensei.app */;
			productType = "com.apple.product-type.application";
		};
/* End PBXNativeTarget section */

/* Begin PBXProject section */
		B1D0B96D29D8E3920073AA9D /* Project object */ = {
			isa = PBXProject;
			attributes = {
				BuildIndependentTargetsInParallel = 1;
				LastSwiftUpdateCheck = 1430;
				LastUpgradeCheck = 1430;
				TargetAttributes = {
					B1D0B97429D8E3920073AA9D = {
						CreatedOnToolsVersion = 14.3;
					};
				};
			};
			buildConfigurationList = B1D0B97029D8E3920073AA9D /* Build configuration list for PBXProject "AISensei" */;
			compatibilityVersion = "Xcode 14.0";
			developmentRegion = en;
			hasScannedForEncodings = 0;
			knownRegions = (
				en,
				Base,
			);
			mainGroup = B1D0B96C29D8E3920073AA9D;
			packageReferences = (
				B1D0B98629D8EE290073AA9D /* XCRemoteSwiftPackageReference "swift-markdown-ui" */,
				B1661CA229DB94930025D5C5 /* XCRemoteSwiftPackageReference "SwiftUI-Introspect" */,
			);
			productRefGroup = B1D0B97629D8E3920073AA9D /* Products */;
			projectDirPath = "";
			projectRoot = "";
			targets = (
				B1D0B97429D8E3920073AA9D /* AISensei */,
			);
		};
/* End PBXProject section */

/* Begin PBXResourcesBuildPhase section */
		B1D0B97329D8E3920073AA9D /* Resources */ = {
			isa = PBXResourcesBuildPhase;
			buildActionMask = 2147483647;
			files = (
				B1D0B98029D8E3930073AA9D /* Preview Assets.xcassets in Resources */,
				B1D0B97D29D8E3930073AA9D /* Assets.xcassets in Resources */,
			);
			runOnlyForDeploymentPostprocessing = 0;
		};
/* End PBXResourcesBuildPhase section */

/* Begin PBXSourcesBuildPhase section */
		B1D0B97129D8E3920073AA9D /* Sources */ = {
			isa = PBXSourcesBuildPhase;
			buildActionMask = 2147483647;
			files = (
				B1661C9D29DA47A60025D5C5 /* URLSession+Extension.swift in Sources */,
				B1D0B97B29D8E3920073AA9D /* ChatView.swift in Sources */,
				B1D0B98A29D9004E0073AA9D /* ChatService.swift in Sources */,
				B1661CA829DB97610025D5C5 /* SettingsView.swift in Sources */,
				B1661CA129DA4E5C0025D5C5 /* ChatMessage.swift in Sources */,
				B1661CD629E0DEB60025D5C5 /* ContentPresenter.swift in Sources */,
				B1D0B97929D8E3920073AA9D /* AISenseiApp.swift in Sources */,
				B1661CD329E0DD890025D5C5 /* ContentView.swift in Sources */,
				B1661CAD29DF67E10025D5C5 /* ChatPresenter.swift in Sources */,
				B1661CD129E0CB8C0025D5C5 /* ChatStore.swift in Sources */,
				B1661CCF29E0C8AD0025D5C5 /* ChatAPI.swift in Sources */,
			);
			runOnlyForDeploymentPostprocessing = 0;
		};
/* End PBXSourcesBuildPhase section */

/* Begin XCBuildConfiguration section */
		B1D0B98129D8E3930073AA9D /* Debug */ = {
			isa = XCBuildConfiguration;
			buildSettings = {
				ALWAYS_SEARCH_USER_PATHS = NO;
				CLANG_ANALYZER_NONNULL = YES;
				CLANG_ANALYZER_NUMBER_OBJECT_CONVERSION = YES_AGGRESSIVE;
				CLANG_CXX_LANGUAGE_STANDARD = "gnu++20";
				CLANG_ENABLE_MODULES = YES;
				CLANG_ENABLE_OBJC_ARC = YES;
				CLANG_ENABLE_OBJC_WEAK = YES;
				CLANG_WARN_BLOCK_CAPTURE_AUTORELEASING = YES;
				CLANG_WARN_BOOL_CONVERSION = YES;
				CLANG_WARN_COMMA = YES;
				CLANG_WARN_CONSTANT_CONVERSION = YES;
				CLANG_WARN_DEPRECATED_OBJC_IMPLEMENTATIONS = YES;
				CLANG_WARN_DIRECT_OBJC_ISA_USAGE = YES_ERROR;
				CLANG_WARN_DOCUMENTATION_COMMENTS = YES;
				CLANG_WARN_EMPTY_BODY = YES;
				CLANG_WARN_ENUM_CONVERSION = YES;
				CLANG_WARN_INFINITE_RECURSION = YES;
				CLANG_WARN_INT_CONVERSION = YES;
				CLANG_WARN_NON_LITERAL_NULL_CONVERSION = YES;
				CLANG_WARN_OBJC_IMPLICIT_RETAIN_SELF = YES;
				CLANG_WARN_OBJC_LITERAL_CONVERSION = YES;
				CLANG_WARN_OBJC_ROOT_CLASS = YES_ERROR;
				CLANG_WARN_QUOTED_INCLUDE_IN_FRAMEWORK_HEADER = YES;
				CLANG_WARN_RANGE_LOOP_ANALYSIS = YES;
				CLANG_WARN_STRICT_PROTOTYPES = YES;
				CLANG_WARN_SUSPICIOUS_MOVE = YES;
				CLANG_WARN_UNGUARDED_AVAILABILITY = YES_AGGRESSIVE;
				CLANG_WARN_UNREACHABLE_CODE = YES;
				CLANG_WARN__DUPLICATE_METHOD_MATCH = YES;
				COPY_PHASE_STRIP = NO;
				DEBUG_INFORMATION_FORMAT = dwarf;
				ENABLE_STRICT_OBJC_MSGSEND = YES;
				ENABLE_TESTABILITY = YES;
				GCC_C_LANGUAGE_STANDARD = gnu11;
				GCC_DYNAMIC_NO_PIC = NO;
				GCC_NO_COMMON_BLOCKS = YES;
				GCC_OPTIMIZATION_LEVEL = 0;
				GCC_PREPROCESSOR_DEFINITIONS = (
					"DEBUG=1",
					"$(inherited)",
				);
				GCC_WARN_64_TO_32_BIT_CONVERSION = YES;
				GCC_WARN_ABOUT_RETURN_TYPE = YES_ERROR;
				GCC_WARN_UNDECLARED_SELECTOR = YES;
				GCC_WARN_UNINITIALIZED_AUTOS = YES_AGGRESSIVE;
				GCC_WARN_UNUSED_FUNCTION = YES;
				GCC_WARN_UNUSED_VARIABLE = YES;
				IPHONEOS_DEPLOYMENT_TARGET = 16.2;
				MACOSX_DEPLOYMENT_TARGET = 13.0;
				MTL_ENABLE_DEBUG_INFO = INCLUDE_SOURCE;
				MTL_FAST_MATH = YES;
				ONLY_ACTIVE_ARCH = YES;
				SDKROOT = iphoneos;
				SWIFT_ACTIVE_COMPILATION_CONDITIONS = DEBUG;
				SWIFT_OPTIMIZATION_LEVEL = "-Onone";
			};
			name = Debug;
		};
		B1D0B98229D8E3930073AA9D /* Release */ = {
			isa = XCBuildConfiguration;
			buildSettings = {
				ALWAYS_SEARCH_USER_PATHS = NO;
				CLANG_ANALYZER_NONNULL = YES;
				CLANG_ANALYZER_NUMBER_OBJECT_CONVERSION = YES_AGGRESSIVE;
				CLANG_CXX_LANGUAGE_STANDARD = "gnu++20";
				CLANG_ENABLE_MODULES = YES;
				CLANG_ENABLE_OBJC_ARC = YES;
				CLANG_ENABLE_OBJC_WEAK = YES;
				CLANG_WARN_BLOCK_CAPTURE_AUTORELEASING = YES;
				CLANG_WARN_BOOL_CONVERSION = YES;
				CLANG_WARN_COMMA = YES;
				CLANG_WARN_CONSTANT_CONVERSION = YES;
				CLANG_WARN_DEPRECATED_OBJC_IMPLEMENTATIONS = YES;
				CLANG_WARN_DIRECT_OBJC_ISA_USAGE = YES_ERROR;
				CLANG_WARN_DOCUMENTATION_COMMENTS = YES;
				CLANG_WARN_EMPTY_BODY = YES;
				CLANG_WARN_ENUM_CONVERSION = YES;
				CLANG_WARN_INFINITE_RECURSION = YES;
				CLANG_WARN_INT_CONVERSION = YES;
				CLANG_WARN_NON_LITERAL_NULL_CONVERSION = YES;
				CLANG_WARN_OBJC_IMPLICIT_RETAIN_SELF = YES;
				CLANG_WARN_OBJC_LITERAL_CONVERSION = YES;
				CLANG_WARN_OBJC_ROOT_CLASS = YES_ERROR;
				CLANG_WARN_QUOTED_INCLUDE_IN_FRAMEWORK_HEADER = YES;
				CLANG_WARN_RANGE_LOOP_ANALYSIS = YES;
				CLANG_WARN_STRICT_PROTOTYPES = YES;
				CLANG_WARN_SUSPICIOUS_MOVE = YES;
				CLANG_WARN_UNGUARDED_AVAILABILITY = YES_AGGRESSIVE;
				CLANG_WARN_UNREACHABLE_CODE = YES;
				CLANG_WARN__DUPLICATE_METHOD_MATCH = YES;
				COPY_PHASE_STRIP = NO;
				DEBUG_INFORMATION_FORMAT = "dwarf-with-dsym";
				ENABLE_NS_ASSERTIONS = NO;
				ENABLE_STRICT_OBJC_MSGSEND = YES;
				GCC_C_LANGUAGE_STANDARD = gnu11;
				GCC_NO_COMMON_BLOCKS = YES;
				GCC_WARN_64_TO_32_BIT_CONVERSION = YES;
				GCC_WARN_ABOUT_RETURN_TYPE = YES_ERROR;
				GCC_WARN_UNDECLARED_SELECTOR = YES;
				GCC_WARN_UNINITIALIZED_AUTOS = YES_AGGRESSIVE;
				GCC_WARN_UNUSED_FUNCTION = YES;
				GCC_WARN_UNUSED_VARIABLE = YES;
				IPHONEOS_DEPLOYMENT_TARGET = 16.2;
				MACOSX_DEPLOYMENT_TARGET = 13.0;
				MTL_ENABLE_DEBUG_INFO = NO;
				MTL_FAST_MATH = YES;
				SDKROOT = iphoneos;
				SWIFT_COMPILATION_MODE = wholemodule;
				SWIFT_OPTIMIZATION_LEVEL = "-O";
				VALIDATE_PRODUCT = YES;
			};
			name = Release;
		};
		B1D0B98429D8E3930073AA9D /* Debug */ = {
			isa = XCBuildConfiguration;
			buildSettings = {
				ASSETCATALOG_COMPILER_APPICON_NAME = AppIcon;
				ASSETCATALOG_COMPILER_GLOBAL_ACCENT_COLOR_NAME = AccentColor;
				CODE_SIGN_STYLE = Automatic;
				CURRENT_PROJECT_VERSION = 1;
				DEVELOPMENT_ASSET_PATHS = "\"AISensei/Preview Content\"";
				DEVELOPMENT_TEAM = 427QQ329ZX;
				ENABLE_PREVIEWS = YES;
				GENERATE_INFOPLIST_FILE = YES;
				INFOPLIST_KEY_UIApplicationSceneManifest_Generation = YES;
				INFOPLIST_KEY_UIApplicationSupportsIndirectInputEvents = YES;
				INFOPLIST_KEY_UILaunchScreen_Generation = YES;
				INFOPLIST_KEY_UISupportedInterfaceOrientations_iPad = "UIInterfaceOrientationPortrait UIInterfaceOrientationPortraitUpsideDown UIInterfaceOrientationLandscapeLeft UIInterfaceOrientationLandscapeRight";
				INFOPLIST_KEY_UISupportedInterfaceOrientations_iPhone = "UIInterfaceOrientationPortrait UIInterfaceOrientationLandscapeLeft UIInterfaceOrientationLandscapeRight";
				LD_RUNPATH_SEARCH_PATHS = (
					"$(inherited)",
					"@executable_path/Frameworks",
				);
				MARKETING_VERSION = 0.0.1;
				PRODUCT_BUNDLE_IDENTIFIER = co.imk2o.AISensei;
				PRODUCT_NAME = "$(TARGET_NAME)";
				SUPPORTED_PLATFORMS = "iphoneos iphonesimulator macosx";
				SUPPORTS_MACCATALYST = NO;
				SUPPORTS_MAC_DESIGNED_FOR_IPHONE_IPAD = NO;
				SWIFT_EMIT_LOC_STRINGS = YES;
				SWIFT_VERSION = 5.0;
				TARGETED_DEVICE_FAMILY = "1,2";
			};
			name = Debug;
		};
		B1D0B98529D8E3930073AA9D /* Release */ = {
			isa = XCBuildConfiguration;
			buildSettings = {
				ASSETCATALOG_COMPILER_APPICON_NAME = AppIcon;
				ASSETCATALOG_COMPILER_GLOBAL_ACCENT_COLOR_NAME = AccentColor;
				CODE_SIGN_ENTITLEMENTS = AISensei/AISenseiRelease.entitlements;
				CODE_SIGN_STYLE = Automatic;
				CURRENT_PROJECT_VERSION = 1;
				DEVELOPMENT_ASSET_PATHS = "\"AISensei/Preview Content\"";
				DEVELOPMENT_TEAM = 427QQ329ZX;
				"ENABLE_HARDENED_RUNTIME[sdk=macosx*]" = YES;
				ENABLE_PREVIEWS = YES;
				GENERATE_INFOPLIST_FILE = YES;
				INFOPLIST_KEY_UIApplicationSceneManifest_Generation = YES;
				INFOPLIST_KEY_UIApplicationSupportsIndirectInputEvents = YES;
				INFOPLIST_KEY_UILaunchScreen_Generation = YES;
				INFOPLIST_KEY_UISupportedInterfaceOrientations_iPad = "UIInterfaceOrientationPortrait UIInterfaceOrientationPortraitUpsideDown UIInterfaceOrientationLandscapeLeft UIInterfaceOrientationLandscapeRight";
				INFOPLIST_KEY_UISupportedInterfaceOrientations_iPhone = "UIInterfaceOrientationPortrait UIInterfaceOrientationLandscapeLeft UIInterfaceOrientationLandscapeRight";
				LD_RUNPATH_SEARCH_PATHS = (
					"$(inherited)",
					"@executable_path/Frameworks",
				);
				MARKETING_VERSION = 0.0.1;
				PRODUCT_BUNDLE_IDENTIFIER = co.imk2o.AISensei;
				PRODUCT_NAME = "$(TARGET_NAME)";
				SUPPORTED_PLATFORMS = "iphoneos iphonesimulator macosx";
				SUPPORTS_MACCATALYST = NO;
				SUPPORTS_MAC_DESIGNED_FOR_IPHONE_IPAD = NO;
				SWIFT_EMIT_LOC_STRINGS = YES;
				SWIFT_VERSION = 5.0;
				TARGETED_DEVICE_FAMILY = "1,2";
			};
			name = Release;
		};
/* End XCBuildConfiguration section */

/* Begin XCConfigurationList section */
		B1D0B97029D8E3920073AA9D /* Build configuration list for PBXProject "AISensei" */ = {
			isa = XCConfigurationList;
			buildConfigurations = (
				B1D0B98129D8E3930073AA9D /* Debug */,
				B1D0B98229D8E3930073AA9D /* Release */,
			);
			defaultConfigurationIsVisible = 0;
			defaultConfigurationName = Release;
		};
		B1D0B98329D8E3930073AA9D /* Build configuration list for PBXNativeTarget "AISensei" */ = {
			isa = XCConfigurationList;
			buildConfigurations = (
				B1D0B98429D8E3930073AA9D /* Debug */,
				B1D0B98529D8E3930073AA9D /* Release */,
			);
			defaultConfigurationIsVisible = 0;
			defaultConfigurationName = Release;
		};
/* End XCConfigurationList section */

/* Begin XCRemoteSwiftPackageReference section */
		B1661CA229DB94930025D5C5 /* XCRemoteSwiftPackageReference "SwiftUI-Introspect" */ = {
			isa = XCRemoteSwiftPackageReference;
			repositoryURL = "https://github.com/siteline/SwiftUI-Introspect";
			requirement = {
				kind = upToNextMinorVersion;
				minimumVersion = 0.2.3;
			};
		};
		B1D0B98629D8EE290073AA9D /* XCRemoteSwiftPackageReference "swift-markdown-ui" */ = {
			isa = XCRemoteSwiftPackageReference;
			repositoryURL = "https://github.com/gonzalezreal/swift-markdown-ui.git";
			requirement = {
				kind = upToNextMinorVersion;
				minimumVersion = 2.0.0;
			};
		};
/* End XCRemoteSwiftPackageReference section */

/* Begin XCSwiftPackageProductDependency section */
		B1661CA329DB94930025D5C5 /* Introspect */ = {
			isa = XCSwiftPackageProductDependency;
			package = B1661CA229DB94930025D5C5 /* XCRemoteSwiftPackageReference "SwiftUI-Introspect" */;
			productName = Introspect;
		};
		B1D0B98729D8EE290073AA9D /* MarkdownUI */ = {
			isa = XCSwiftPackageProductDependency;
			package = B1D0B98629D8EE290073AA9D /* XCRemoteSwiftPackageReference "swift-markdown-ui" */;
			productName = MarkdownUI;
		};
/* End XCSwiftPackageProductDependency section */
	};
	rootObject = B1D0B96D29D8E3920073AA9D /* Project object */;
}
